# THIS IS AN AUTOGENERATED FILE. DO NOT EDIT THIS FILE DIRECTLY.
# yarn lockfile v1


bats-assert@ztombol/bats-assert:
  version "0.3.0"
  resolved "https://codeload.github.com/ztombol/bats-assert/tar.gz/9f88b4207da750093baabc4e3f41bf68f0dd3630"

bats-support@ztombol/bats-support:
  version "0.3.0"
  resolved "https://codeload.github.com/ztombol/bats-support/tar.gz/004e707638eedd62e0481e8cdc9223ad471f12ee"

bats@^1.9.0:
  version "1.9.0"
  resolved "https://registry.yarnpkg.com/bats/-/bats-1.9.0.tgz#251a255b58b631f210d75db6ba376a7c2be1b9fd"
  integrity sha512-Z5BJaAmmHv/ujj7obhjEzJ//OL+ZtjVq0iRnHu+2fE9OeUaPMbJpBgYiOdNbDrG3E2hqe84/AXNnS/UiXl/UcA==
